
Microsoft Visual Studio Solution File, Format Version 12.00
# Visual Studio Version 17
VisualStudioVersion = 17.11.35208.52
MinimumVisualStudioVersion = 10.0.40219.1
Project("{FAE04EC0-301F-11D3-BF4B-00C04F79EFBC}") = "CustomFramework", "CustomFramework\CustomFramework.csproj", "{2D0AED11-27C8-4E65-82C5-3F19963EF8D0}"
EndProject
Project("{FAE04EC0-301F-11D3-BF4B-00C04F79EFBC}") = "Chaos Agent", "Chaos Agent\Chaos Agent.csproj", "{D40B741D-01A3-45FA-886D-579CBBAB490F}"
EndProject
Global
	GlobalSection(SolutionConfigurationPlatforms) = preSolution
		Debug|Any CPU = Debug|Any CPU
		Release|Any CPU = Release|Any CPU
	EndGlobalSection
	GlobalSection(ProjectConfigurationPlatforms) = postSolution
		{2D0AED11-27C8-4E65-82C5-3F19963EF8D0}.Debug|Any CPU.ActiveCfg = Debug|Any CPU
		{2D0AED11-27C8-4E65-82C5-3F19963EF8D0}.Debug|Any CPU.Build.0 = Debug|Any CPU
		{2D0AED11-27C8-4E65-82C5-3F19963EF8D0}.Release|Any CPU.ActiveCfg = Release|Any CPU
		{2D0AED11-27C8-4E65-82C5-3F19963EF8D0}.Release|Any CPU.Build.0 = Release|Any CPU
		{D40B741D-01A3-45FA-886D-579CBBAB490F}.Debug|Any CPU.ActiveCfg = Debug|Any CPU
		{D40B741D-01A3-45FA-886D-579CBBAB490F}.Debug|Any CPU.Build.0 = Debug|Any CPU
		{D40B741D-01A3-45FA-886D-579CBBAB490F}.Release|Any CPU.ActiveCfg = Release|Any CPU
		{D40B741D-01A3-45FA-886D-579CBBAB490F}.Release|Any CPU.Build.0 = Release|Any CPU
	EndGlobalSection
	GlobalSection(SolutionProperties) = preSolution
		HideSolutionNode = FALSE
	EndGlobalSection
	GlobalSection(ExtensibilityGlobals) = postSolution
		SolutionGuid = {BCA7689B-4EED-4D26-9A09-C39E009BBFEA}
	EndGlobalSection
EndGlobal
